
Microsoft Visual Studio Solution File, Format Version 12.00
# Visual Studio Version 17
VisualStudioVersion = 17.14.36811.4
MinimumVisualStudioVersion = 10.0.40219.1
Project("{8BC9CEB8-8B4A-11D0-8D11-00A0C91BC942}") = "Editor", "Editor\Editor.vcxproj", "{73B9B1DF-D19F-413B-B05F-F1A2412043A5}"
	ProjectSection(ProjectDependencies) = postProject
		{51351439-2809-47A9-8D44-10BC9165CA9C} = {51351439-2809-47A9-8D44-10BC9165CA9C}
	EndProjectSection
EndProject
Project("{8BC9CEB8-8B4A-11D0-8D11-00A0C91BC942}") = "Engine", "Engine\Engine.vcxproj", "{2958721F-CDFB-48F2-979B-799385CDB3EF}"
EndProject
Project("{8BC9CEB8-8B4A-11D0-8D11-00A0C91BC942}") = "DemoApp", "DemoApp\DemoApp.vcxproj", "{0A469DF3-F7D0-410B-930C-58FA289F5992}"
EndProject
Project("{8BC9CEB8-8B4A-11D0-8D11-00A0C91BC942}") = "Runtime", "Runtime\Runtime.vcxproj", "{51351439-2809-47A9-8D44-10BC9165CA9C}"
	ProjectSection(ProjectDependencies) = postProject
		{2958721F-CDFB-48F2-979B-799385CDB3EF} = {2958721F-CDFB-48F2-979B-799385CDB3EF}
	EndProjectSection
EndProject
Global
	GlobalSection(SolutionConfigurationPlatforms) = preSolution
		Debug|x64 = Debug|x64
		Debug|x86 = Debug|x86
		Release|x64 = Release|x64
		Release|x86 = Release|x86
	EndGlobalSection
	GlobalSection(ProjectConfigurationPlatforms) = postSolution
		{2958721F-CDFB-48F2-979B-799385CDB3EF}.Debug|x64.ActiveCfg = Debug|x64
		{2958721F-CDFB-48F2-979B-799385CDB3EF}.Debug|x64.Build.0 = Debug|x64
		{2958721F-CDFB-48F2-979B-799385CDB3EF}.Debug|x86.ActiveCfg = Debug|Win32
		{2958721F-CDFB-48F2-979B-799385CDB3EF}.Debug|x86.Build.0 = Debug|Win32
		{2958721F-CDFB-48F2-979B-799385CDB3EF}.Release|x64.ActiveCfg = Release|x64
		{2958721F-CDFB-48F2-979B-799385CDB3EF}.Release|x64.Build.0 = Release|x64
		{2958721F-CDFB-48F2-979B-799385CDB3EF}.Release|x86.ActiveCfg = Release|Win32
		{2958721F-CDFB-48F2-979B-799385CDB3EF}.Release|x86.Build.0 = Release|Win32
		{0A469DF3-F7D0-410B-930C-58FA289F5992}.Debug|x64.ActiveCfg = Debug|x64
		{0A469DF3-F7D0-410B-930C-58FA289F5992}.Debug|x64.Build.0 = Debug|x64
		{0A469DF3-F7D0-410B-930C-58FA289F5992}.Debug|x86.ActiveCfg = Debug|Win32
		{0A469DF3-F7D0-410B-930C-58FA289F5992}.Debug|x86.Build.0 = Debug|Win32
		{0A469DF3-F7D0-410B-930C-58FA289F5992}.Release|x64.ActiveCfg = Release|x64
		{0A469DF3-F7D0-410B-930C-58FA289F5992}.Release|x64.Build.0 = Release|x64
		{0A469DF3-F7D0-410B-930C-58FA289F5992}.Release|x86.ActiveCfg = Release|Win32
		{0A469DF3-F7D0-410B-930C-58FA289F5992}.Release|x86.Build.0 = Release|Win32
		{73B9B1DF-D19F-413B-B05F-F1A2412043A5}.Debug|x64.ActiveCfg = Debug|x64
		{73B9B1DF-D19F-413B-B05F-F1A2412043A5}.Debug|x64.Build.0 = Debug|x64
		{73B9B1DF-D19F-413B-B05F-F1A2412043A5}.Debug|x86.ActiveCfg = Debug|Win32
		{73B9B1DF-D19F-413B-B05F-F1A2412043A5}.Debug|x86.Build.0 = Debug|Win32
		{73B9B1DF-D19F-413B-B05F-F1A2412043A5}.Release|x64.ActiveCfg = Release|x64
		{73B9B1DF-D19F-413B-B05F-F1A2412043A5}.Release|x64.Build.0 = Release|x64
		{73B9B1DF-D19F-413B-B05F-F1A2412043A5}.Release|x86.ActiveCfg = Release|Win32
		{73B9B1DF-D19F-413B-B05F-F1A2412043A5}.Release|x86.Build.0 = Release|Win32
		{51351439-2809-47A9-8D44-10BC9165CA9C}.Debug|x64.ActiveCfg = Debug|x64
		{51351439-2809-47A9-8D44-10BC9165CA9C}.Debug|x64.Build.0 = Debug|x64
		{51351439-2809-47A9-8D44-10BC9165CA9C}.Debug|x86.ActiveCfg = Debug|Win32
		{51351439-2809-47A9-8D44-10BC9165CA9C}.Debug|x86.Build.0 = Debug|Win32
		{51351439-2809-47A9-8D44-10BC9165CA9C}.Release|x64.ActiveCfg = Release|x64
		{51351439-2809-47A9-8D44-10BC9165CA9C}.Release|x64.Build.0 = Release|x64
		{51351439-2809-47A9-8D44-10BC9165CA9C}.Release|x86.ActiveCfg = Release|Win32
		{51351439-2809-47A9-8D44-10BC9165CA9C}.Release|x86.Build.0 = Release|Win32
	EndGlobalSection
	GlobalSection(SolutionProperties) = preSolution
		HideSolutionNode = FALSE
	EndGlobalSection
	GlobalSection(ExtensibilityGlobals) = postSolution
		SolutionGuid = {7C1E6DC6-CA8B-464F-B65A-3F3BE24AD171}
	EndGlobalSection
EndGlobal
