<?xml version="1.0" encoding="utf-8"?>
<Project ToolsVersion="4.0" xmlns="http://schemas.microsoft.com/developer/msbuild/2003">
  <ItemGroup>
    <Filter Include="Source Files">
      <UniqueIdentifier>{4FC737F1-C7A5-4376-A066-2A32D752A2FF}</UniqueIdentifier>
      <Extensions>cpp;c;cc;cxx;c++;cppm;ixx;def;odl;idl;hpj;bat;asm;asmx</Extensions>
    </Filter>
    <Filter Include="Header Files">
      <UniqueIdentifier>{93995380-89BD-4b04-88EB-625FBE52EBFB}</UniqueIdentifier>
      <Extensions>h;hh;hpp;hxx;h++;hm;inl;inc;ipp;xsd</Extensions>
    </Filter>
    <Filter Include="Resource Files">
      <UniqueIdentifier>{67DA6AB6-F800-4c08-8B7A-83BB121AAD01}</UniqueIdentifier>
      <Extensions>rc;ico;cur;bmp;dlg;rc2;rct;bin;rgs;gif;jpg;jpeg;jpe;resx;tiff;tif;png;wav;mfcribbon-ms</Extensions>
    </Filter>
  </ItemGroup>
  <ItemGroup>
    <ClInclude Include="include\Yngin\Yngin.h">
      <Filter>Header Files</Filter>
    </ClInclude>
    <ClInclude Include="include\Yngin\Core\Scenes.h">
      <Filter>Header Files</Filter>
    </ClInclude>
    <ClInclude Include="include\Yngin\Core\Models.h">
      <Filter>Header Files</Filter>
    </ClInclude>
    <ClInclude Include="src\Core\Scenes\Scenes_Internal.h">
      <Filter>Header Files</Filter>
    </ClInclude>
    <ClInclude Include="src\Core\Models\Models_Internal.h">
      <Filter>Header Files</Filter>
    </ClInclude>
    <ClInclude Include="include\Yngin\Rendering\Cameras.h">
      <Filter>Header Files</Filter>
    </ClInclude>
    <ClInclude Include="src\Rendering\Cameras\Cameras_Internal.h">
      <Filter>Header Files</Filter>
    </ClInclude>
    <ClInclude Include="src\Core\Context\Context_Internal.h">
      <Filter>Header Files</Filter>
    </ClInclude>
    <ClInclude Include="include\Yngin\Core\GameObject.h">
      <Filter>Header Files</Filter>
    </ClInclude>
    <ClInclude Include="src\Core\GameObject\GameObject_Internal.h">
      <Filter>Header Files</Filter>
    </ClInclude>
    <ClInclude Include="include\Yngin\Rendering\Textures.h">
      <Filter>Header Files</Filter>
    </ClInclude>
    <ClInclude Include="src\Rendering\Textures\Textures_Internal.h">
      <Filter>Header Files</Filter>
    </ClInclude>
    <ClInclude Include="include\Yngin\Components\Components.h">
      <Filter>Header Files</Filter>
    </ClInclude>
    <ClInclude Include="include\Yngin\Components\Mesh.h">
      <Filter>Header Files</Filter>
    </ClInclude>
    <ClInclude Include="src\Components\Components_Internal.h">
      <Filter>Header Files</Filter>
    </ClInclude>
    <ClInclude Include="include\Yngin\Core\Window.h">
      <Filter>Header Files</Filter>
    </ClInclude>
    <ClInclude Include="src\Core\Window\Window_Internal.h">
      <Filter>Header Files</Filter>
    </ClInclude>
    <ClInclude Include="include\Yngin\Core\Context.h">
      <Filter>Header Files</Filter>
    </ClInclude>
    <ClInclude Include="include\Yngin\Components\Component.h">
      <Filter>Header Files</Filter>
    </ClInclude>
    <ClInclude Include="include\Yngin\Core\Core.h">
      <Filter>Header Files</Filter>
    </ClInclude>
    <ClInclude Include="include\Yngin\Rendering\Rendering.h">
      <Filter>Header Files</Filter>
    </ClInclude>
    <ClInclude Include="include\Yngin\Rendering\Shaders.h">
      <Filter>Header Files</Filter>
    </ClInclude>
    <ClInclude Include="src\Rendering\Shaders\Shaders_Internal.h">
      <Filter>Header Files</Filter>
    </ClInclude>
    <ClInclude Include="src\Core\Models\DefaultModels\Skybox_Model.h">
      <Filter>Header Files</Filter>
    </ClInclude>
    <ClInclude Include="include\Yngin\Core\InputSystem.h">
      <Filter>Header Files</Filter>
    </ClInclude>
    <ClInclude Include="src\Core\InputSystem\InputSystem_Internal.h">
      <Filter>Header Files</Filter>
    </ClInclude>
    <ClInclude Include="include\Yngin\Services\Services.h">
      <Filter>Header Files</Filter>
    </ClInclude>
    <ClInclude Include="include\Yngin\Services\Tween.h">
      <Filter>Header Files</Filter>
    </ClInclude>
    <ClInclude Include="include\Yngin\Services\Service.h">
      <Filter>Header Files</Filter>
    </ClInclude>
    <ClInclude Include="src\Services\Services_Internal.h">
      <Filter>Header Files</Filter>
    </ClInclude>
    <ClInclude Include="include\Yngin\UI\UI.h">
      <Filter>Header Files</Filter>
    </ClInclude>
    <ClInclude Include="include\Yngin\UI\Elements\Image.h">
      <Filter>Header Files</Filter>
    </ClInclude>
    <ClInclude Include="include\Yngin\UI\Elements\UIElement.h">
      <Filter>Header Files</Filter>
    </ClInclude>
    <ClInclude Include="include\Yngin\UI\UIManager.h">
      <Filter>Header Files</Filter>
    </ClInclude>
    <ClInclude Include="include\Yngin\UI\Elements\Elements.h">
      <Filter>Header Files</Filter>
    </ClInclude>
    <ClInclude Include="src\UI\UI_Internal.h">
      <Filter>Header Files</Filter>
    </ClInclude>
    <ClInclude Include="src\UI\Elements\UI_Elements_Internal.h">
      <Filter>Header Files</Filter>
    </ClInclude>
    <ClInclude Include="src\Core\Models\DefaultModels\Square_Model.h">
      <Filter>Header Files</Filter>
    </ClInclude>
    <ClInclude Include="include\Yngin\Components\Light.h">
      <Filter>Header Files</Filter>
    </ClInclude>
    <ClInclude Include="include\Yngin\UI\Elements\Text.h">
      <Filter>Header Files</Filter>
    </ClInclude>
    <ClInclude Include="include\Yngin\UI\Elements\Button.h">
      <Filter>Header Files</Filter>
    </ClInclude>
    <ClInclude Include="include\Yngin\Components\Collider.h">
      <Filter>Header Files</Filter>
    </ClInclude>
    <ClInclude Include="include\Yngin\Physics\PhysicsEngine.h">
      <Filter>Header Files</Filter>
    </ClInclude>
    <ClInclude Include="include\Yngin\Physics\Physics.h">
      <Filter>Header Files</Filter>
    </ClInclude>
    <ClInclude Include="src\Physics\Physics_Internal.h">
      <Filter>Header Files</Filter>
    </ClInclude>
    <ClInclude Include="include\Yngin\Components\RigidBody.h">
      <Filter>Header Files</Filter>
    </ClInclude>
    <ClInclude Include="include\Yngin\Rendering\Renderer.h">
      <Filter>Header Files</Filter>
    </ClInclude>
    <ClInclude Include="src\Rendering\Renderer\Renderer_Internal.h">
      <Filter>Header Files</Filter>
    </ClInclude>
    <ClInclude Include="src\GameFiles\ScenePak.h">
      <Filter>Header Files</Filter>
    </ClInclude>
    <ClInclude Include="src\GameFiles\ResourcesPak.h">
      <Filter>Header Files</Filter>
    </ClInclude>
    <ClInclude Include="include\Yngin\Core\Scripting.h">
      <Filter>Header Files</Filter>
    </ClInclude>
    <ClInclude Include="src\Core\Scripting\Scripting_Internal.h">
      <Filter>Header Files</Filter>
    </ClInclude>
    <ClInclude Include="src\GameFiles\GameFiles.h">
      <Filter>Header Files</Filter>
    </ClInclude>
    <ClInclude Include="src\GameFiles\CorePak.h">
      <Filter>Header Files</Filter>
    </ClInclude>
    <ClInclude Include="src\GameFiles\GamePak.h">
      <Filter>Header Files</Filter>
    </ClInclude>
    <ClInclude Include="include\Yngin\Forward.h">
      <Filter>Header Files</Filter>
    </ClInclude>
    <ClInclude Include="include\Yngin\Utils\Meta.h">
      <Filter>Header Files</Filter>
    </ClInclude>
    <ClInclude Include="include\Yngin\Utils\Utils.h">
      <Filter>Header Files</Filter>
    </ClInclude>
    <ClInclude Include="src\Utils\Meta_Internal.h">
      <Filter>Header Files</Filter>
    </ClInclude>
    <ClInclude Include="include\Yngin\Core\Materials.h">
      <Filter>Header Files</Filter>
    </ClInclude>
    <ClInclude Include="src\Core\Materials\Materials_Internal.h">
      <Filter>Header Files</Filter>
    </ClInclude>
    <ClInclude Include="src\Internal\Logger.h">
      <Filter>Header Files</Filter>
    </ClInclude>
    <ClInclude Include="src\Rendering\Shaders\Sources\Shaders_Sources.h">
      <Filter>Header Files</Filter>
    </ClInclude>
    <ClInclude Include="src\Rendering\Shaders\Shaders_Sources.h">
      <Filter>Header Files</Filter>
    </ClInclude>
    <ClInclude Include="deps\vendor\Jolt\AABBTree\NodeCodec\NodeCodecQuadTreeHalfFloat.h">
      <Filter>Header Files</Filter>
    </ClInclude>
    <ClInclude Include="deps\vendor\Jolt\AABBTree\TriangleCodec\TriangleCodecIndexed8BitPackSOA4Flags.h">
      <Filter>Header Files</Filter>
    </ClInclude>
    <ClInclude Include="deps\vendor\Jolt\AABBTree\AABBTreeBuilder.h">
      <Filter>Header Files</Filter>
    </ClInclude>
    <ClInclude Include="deps\vendor\Jolt\AABBTree\AABBTreeToBuffer.h">
      <Filter>Header Files</Filter>
    </ClInclude>
    <ClInclude Include="deps\vendor\Jolt\Core\ARMNeon.h">
      <Filter>Header Files</Filter>
    </ClInclude>
    <ClInclude Include="deps\vendor\Jolt\Core\Array.h">
      <Filter>Header Files</Filter>
    </ClInclude>
    <ClInclude Include="deps\vendor\Jolt\Core\Atomics.h">
      <Filter>Header Files</Filter>
    </ClInclude>
    <ClInclude Include="deps\vendor\Jolt\Core\BinaryHeap.h">
      <Filter>Header Files</Filter>
    </ClInclude>
    <ClInclude Include="deps\vendor\Jolt\Core\ByteBuffer.h">
      <Filter>Header Files</Filter>
    </ClInclude>
    <ClInclude Include="deps\vendor\Jolt\Core\Color.h">
      <Filter>Header Files</Filter>
    </ClInclude>
    <ClInclude Include="deps\vendor\Jolt\Core\Core.h">
      <Filter>Header Files</Filter>
    </ClInclude>
    <ClInclude Include="deps\vendor\Jolt\Core\Factory.h">
      <Filter>Header Files</Filter>
    </ClInclude>
    <ClInclude Include="deps\vendor\Jolt\Core\FixedSizeFreeList.h">
      <Filter>Header Files</Filter>
    </ClInclude>
    <ClInclude Include="deps\vendor\Jolt\Core\FPControlWord.h">
      <Filter>Header Files</Filter>
    </ClInclude>
    <ClInclude Include="deps\vendor\Jolt\Core\FPException.h">
      <Filter>Header Files</Filter>
    </ClInclude>
    <ClInclude Include="deps\vendor\Jolt\Core\FPFlushDenormals.h">
      <Filter>Header Files</Filter>
    </ClInclude>
    <ClInclude Include="deps\vendor\Jolt\Core\HashCombine.h">
      <Filter>Header Files</Filter>
    </ClInclude>
    <ClInclude Include="deps\vendor\Jolt\Core\HashTable.h">
      <Filter>Header Files</Filter>
    </ClInclude>
    <ClInclude Include="deps\vendor\Jolt\Core\InsertionSort.h">
      <Filter>Header Files</Filter>
    </ClInclude>
    <ClInclude Include="deps\vendor\Jolt\Core\IssueReporting.h">
      <Filter>Header Files</Filter>
    </ClInclude>
    <ClInclude Include="deps\vendor\Jolt\Core\JobSystem.h">
      <Filter>Header Files</Filter>
    </ClInclude>
    <ClInclude Include="deps\vendor\Jolt\Core\JobSystemSingleThreaded.h">
      <Filter>Header Files</Filter>
    </ClInclude>
    <ClInclude Include="deps\vendor\Jolt\Core\JobSystemThreadPool.h">
      <Filter>Header Files</Filter>
    </ClInclude>
    <ClInclude Include="deps\vendor\Jolt\Core\JobSystemWithBarrier.h">
      <Filter>Header Files</Filter>
    </ClInclude>
    <ClInclude Include="deps\vendor\Jolt\Core\LinearCurve.h">
      <Filter>Header Files</Filter>
    </ClInclude>
    <ClInclude Include="deps\vendor\Jolt\Core\LockFreeHashMap.h">
      <Filter>Header Files</Filter>
    </ClInclude>
    <ClInclude Include="deps\vendor\Jolt\Core\Memory.h">
      <Filter>Header Files</Filter>
    </ClInclude>
    <ClInclude Include="deps\vendor\Jolt\Core\Mutex.h">
      <Filter>Header Files</Filter>
    </ClInclude>
    <ClInclude Include="deps\vendor\Jolt\Core\MutexArray.h">
      <Filter>Header Files</Filter>
    </ClInclude>
    <ClInclude Include="deps\vendor\Jolt\Core\NonCopyable.h">
      <Filter>Header Files</Filter>
    </ClInclude>
    <ClInclude Include="deps\vendor\Jolt\Core\Profiler.h">
      <Filter>Header Files</Filter>
    </ClInclude>
    <ClInclude Include="deps\vendor\Jolt\Core\QuickSort.h">
      <Filter>Header Files</Filter>
    </ClInclude>
    <ClInclude Include="deps\vendor\Jolt\Core\Reference.h">
      <Filter>Header Files</Filter>
    </ClInclude>
    <ClInclude Include="deps\vendor\Jolt\Core\Result.h">
      <Filter>Header Files</Filter>
    </ClInclude>
    <ClInclude Include="deps\vendor\Jolt\Core\RTTI.h">
      <Filter>Header Files</Filter>
    </ClInclude>
    <ClInclude Include="deps\vendor\Jolt\Core\ScopeExit.h">
      <Filter>Header Files</Filter>
    </ClInclude>
    <ClInclude Include="deps\vendor\Jolt\Core\Semaphore.h">
      <Filter>Header Files</Filter>
    </ClInclude>
    <ClInclude Include="deps\vendor\Jolt\Core\StaticArray.h">
      <Filter>Header Files</Filter>
    </ClInclude>
    <ClInclude Include="deps\vendor\Jolt\Core\STLAlignedAllocator.h">
      <Filter>Header Files</Filter>
    </ClInclude>
    <ClInclude Include="deps\vendor\Jolt\Core\STLAllocator.h">
      <Filter>Header Files</Filter>
    </ClInclude>
    <ClInclude Include="deps\vendor\Jolt\Core\STLLocalAllocator.h">
      <Filter>Header Files</Filter>
    </ClInclude>
    <ClInclude Include="deps\vendor\Jolt\Core\STLTempAllocator.h">
      <Filter>Header Files</Filter>
    </ClInclude>
    <ClInclude Include="deps\vendor\Jolt\Core\StreamIn.h">
      <Filter>Header Files</Filter>
    </ClInclude>
    <ClInclude Include="deps\vendor\Jolt\Core\StreamOut.h">
      <Filter>Header Files</Filter>
    </ClInclude>
    <ClInclude Include="deps\vendor\Jolt\Core\StreamUtils.h">
      <Filter>Header Files</Filter>
    </ClInclude>
    <ClInclude Include="deps\vendor\Jolt\Core\StreamWrapper.h">
      <Filter>Header Files</Filter>
    </ClInclude>
    <ClInclude Include="deps\vendor\Jolt\Core\StridedPtr.h">
      <Filter>Header Files</Filter>
    </ClInclude>
    <ClInclude Include="deps\vendor\Jolt\Core\StringTools.h">
      <Filter>Header Files</Filter>
    </ClInclude>
    <ClInclude Include="deps\vendor\Jolt\Core\TempAllocator.h">
      <Filter>Header Files</Filter>
    </ClInclude>
    <ClInclude Include="deps\vendor\Jolt\Core\TickCounter.h">
      <Filter>Header Files</Filter>
    </ClInclude>
    <ClInclude Include="deps\vendor\Jolt\Core\UnorderedMap.h">
      <Filter>Header Files</Filter>
    </ClInclude>
    <ClInclude Include="deps\vendor\Jolt\Core\UnorderedSet.h">
      <Filter>Header Files</Filter>
    </ClInclude>
    <ClInclude Include="deps\vendor\Jolt\Geometry\AABox.h">
      <Filter>Header Files</Filter>
    </ClInclude>
    <ClInclude Include="deps\vendor\Jolt\Geometry\AABox4.h">
      <Filter>Header Files</Filter>
    </ClInclude>
    <ClInclude Include="deps\vendor\Jolt\Geometry\ClipPoly.h">
      <Filter>Header Files</Filter>
    </ClInclude>
    <ClInclude Include="deps\vendor\Jolt\Geometry\ClosestPoint.h">
      <Filter>Header Files</Filter>
    </ClInclude>
    <ClInclude Include="deps\vendor\Jolt\Geometry\ConvexHullBuilder.h">
      <Filter>Header Files</Filter>
    </ClInclude>
    <ClInclude Include="deps\vendor\Jolt\Geometry\ConvexHullBuilder2D.h">
      <Filter>Header Files</Filter>
    </ClInclude>
    <ClInclude Include="deps\vendor\Jolt\Geometry\ConvexSupport.h">
      <Filter>Header Files</Filter>
    </ClInclude>
    <ClInclude Include="deps\vendor\Jolt\Geometry\Ellipse.h">
      <Filter>Header Files</Filter>
    </ClInclude>
    <ClInclude Include="deps\vendor\Jolt\Geometry\EPAConvexHullBuilder.h">
      <Filter>Header Files</Filter>
    </ClInclude>
    <ClInclude Include="deps\vendor\Jolt\Geometry\EPAPenetrationDepth.h">
      <Filter>Header Files</Filter>
    </ClInclude>
    <ClInclude Include="deps\vendor\Jolt\Geometry\GJKClosestPoint.h">
      <Filter>Header Files</Filter>
    </ClInclude>
    <ClInclude Include="deps\vendor\Jolt\Geometry\IndexedTriangle.h">
      <Filter>Header Files</Filter>
    </ClInclude>
    <ClInclude Include="deps\vendor\Jolt\Geometry\Indexify.h">
      <Filter>Header Files</Filter>
    </ClInclude>
    <ClInclude Include="deps\vendor\Jolt\Geometry\MortonCode.h">
      <Filter>Header Files</Filter>
    </ClInclude>
    <ClInclude Include="deps\vendor\Jolt\Geometry\OrientedBox.h">
      <Filter>Header Files</Filter>
    </ClInclude>
    <ClInclude Include="deps\vendor\Jolt\Geometry\Plane.h">
      <Filter>Header Files</Filter>
    </ClInclude>
    <ClInclude Include="deps\vendor\Jolt\Geometry\RayAABox.h">
      <Filter>Header Files</Filter>
    </ClInclude>
    <ClInclude Include="deps\vendor\Jolt\Geometry\RayCapsule.h">
      <Filter>Header Files</Filter>
    </ClInclude>
    <ClInclude Include="deps\vendor\Jolt\Geometry\RayCylinder.h">
      <Filter>Header Files</Filter>
    </ClInclude>
    <ClInclude Include="deps\vendor\Jolt\Geometry\RaySphere.h">
      <Filter>Header Files</Filter>
    </ClInclude>
    <ClInclude Include="deps\vendor\Jolt\Geometry\RayTriangle.h">
      <Filter>Header Files</Filter>
    </ClInclude>
    <ClInclude Include="deps\vendor\Jolt\Geometry\Sphere.h">
      <Filter>Header Files</Filter>
    </ClInclude>
    <ClInclude Include="deps\vendor\Jolt\Geometry\Triangle.h">
      <Filter>Header Files</Filter>
    </ClInclude>
    <ClInclude Include="deps\vendor\Jolt\Math\BVec16.h">
      <Filter>Header Files</Filter>
    </ClInclude>
    <ClInclude Include="deps\vendor\Jolt\Math\DMat44.h">
      <Filter>Header Files</Filter>
    </ClInclude>
    <ClInclude Include="deps\vendor\Jolt\Math\Double3.h">
      <Filter>Header Files</Filter>
    </ClInclude>
    <ClInclude Include="deps\vendor\Jolt\Math\DVec3.h">
      <Filter>Header Files</Filter>
    </ClInclude>
    <ClInclude Include="deps\vendor\Jolt\Math\DynMatrix.h">
      <Filter>Header Files</Filter>
    </ClInclude>
    <ClInclude Include="deps\vendor\Jolt\Math\EigenValueSymmetric.h">
      <Filter>Header Files</Filter>
    </ClInclude>
    <ClInclude Include="deps\vendor\Jolt\Math\FindRoot.h">
      <Filter>Header Files</Filter>
    </ClInclude>
    <ClInclude Include="deps\vendor\Jolt\Math\Float2.h">
      <Filter>Header Files</Filter>
    </ClInclude>
    <ClInclude Include="deps\vendor\Jolt\Math\Float3.h">
      <Filter>Header Files</Filter>
    </ClInclude>
    <ClInclude Include="deps\vendor\Jolt\Math\Float4.h">
      <Filter>Header Files</Filter>
    </ClInclude>
    <ClInclude Include="deps\vendor\Jolt\Math\GaussianElimination.h">
      <Filter>Header Files</Filter>
    </ClInclude>
    <ClInclude Include="deps\vendor\Jolt\Math\HalfFloat.h">
      <Filter>Header Files</Filter>
    </ClInclude>
    <ClInclude Include="deps\vendor\Jolt\Math\Mat44.h">
      <Filter>Header Files</Filter>
    </ClInclude>
    <ClInclude Include="deps\vendor\Jolt\Math\Math.h">
      <Filter>Header Files</Filter>
    </ClInclude>
    <ClInclude Include="deps\vendor\Jolt\Math\MathTypes.h">
      <Filter>Header Files</Filter>
    </ClInclude>
    <ClInclude Include="deps\vendor\Jolt\Math\Matrix.h">
      <Filter>Header Files</Filter>
    </ClInclude>
    <ClInclude Include="deps\vendor\Jolt\Math\Quat.h">
      <Filter>Header Files</Filter>
    </ClInclude>
    <ClInclude Include="deps\vendor\Jolt\Math\Real.h">
      <Filter>Header Files</Filter>
    </ClInclude>
    <ClInclude Include="deps\vendor\Jolt\Math\Swizzle.h">
      <Filter>Header Files</Filter>
    </ClInclude>
    <ClInclude Include="deps\vendor\Jolt\Math\Trigonometry.h">
      <Filter>Header Files</Filter>
    </ClInclude>
    <ClInclude Include="deps\vendor\Jolt\Math\UVec4.h">
      <Filter>Header Files</Filter>
    </ClInclude>
    <ClInclude Include="deps\vendor\Jolt\Math\Vec3.h">
      <Filter>Header Files</Filter>
    </ClInclude>
    <ClInclude Include="deps\vendor\Jolt\Math\Vec4.h">
      <Filter>Header Files</Filter>
    </ClInclude>
    <ClInclude Include="deps\vendor\Jolt\Math\Vector.h">
      <Filter>Header Files</Filter>
    </ClInclude>
    <ClInclude Include="deps\vendor\Jolt\ObjectStream\GetPrimitiveTypeOfType.h">
      <Filter>Header Files</Filter>
    </ClInclude>
    <ClInclude Include="deps\vendor\Jolt\ObjectStream\ObjectStream.h">
      <Filter>Header Files</Filter>
    </ClInclude>
    <ClInclude Include="deps\vendor\Jolt\ObjectStream\ObjectStreamBinaryIn.h">
      <Filter>Header Files</Filter>
    </ClInclude>
    <ClInclude Include="deps\vendor\Jolt\ObjectStream\ObjectStreamBinaryOut.h">
      <Filter>Header Files</Filter>
    </ClInclude>
    <ClInclude Include="deps\vendor\Jolt\ObjectStream\ObjectStreamIn.h">
      <Filter>Header Files</Filter>
    </ClInclude>
    <ClInclude Include="deps\vendor\Jolt\ObjectStream\ObjectStreamOut.h">
      <Filter>Header Files</Filter>
    </ClInclude>
    <ClInclude Include="deps\vendor\Jolt\ObjectStream\ObjectStreamTextIn.h">
      <Filter>Header Files</Filter>
    </ClInclude>
    <ClInclude Include="deps\vendor\Jolt\ObjectStream\ObjectStreamTextOut.h">
      <Filter>Header Files</Filter>
    </ClInclude>
    <ClInclude Include="deps\vendor\Jolt\ObjectStream\ObjectStreamTypes.h">
      <Filter>Header Files</Filter>
    </ClInclude>
    <ClInclude Include="deps\vendor\Jolt\ObjectStream\SerializableAttribute.h">
      <Filter>Header Files</Filter>
    </ClInclude>
    <ClInclude Include="deps\vendor\Jolt\ObjectStream\SerializableAttributeEnum.h">
      <Filter>Header Files</Filter>
    </ClInclude>
    <ClInclude Include="deps\vendor\Jolt\ObjectStream\SerializableAttributeTyped.h">
      <Filter>Header Files</Filter>
    </ClInclude>
    <ClInclude Include="deps\vendor\Jolt\ObjectStream\SerializableObject.h">
      <Filter>Header Files</Filter>
    </ClInclude>
    <ClInclude Include="deps\vendor\Jolt\ObjectStream\TypeDeclarations.h">
      <Filter>Header Files</Filter>
    </ClInclude>
    <ClInclude Include="deps\vendor\Jolt\Physics\Body\AllowedDOFs.h">
      <Filter>Header Files</Filter>
    </ClInclude>
    <ClInclude Include="deps\vendor\Jolt\Physics\Body\Body.h">
      <Filter>Header Files</Filter>
    </ClInclude>
    <ClInclude Include="deps\vendor\Jolt\Physics\Body\BodyAccess.h">
      <Filter>Header Files</Filter>
    </ClInclude>
    <ClInclude Include="deps\vendor\Jolt\Physics\Body\BodyActivationListener.h">
      <Filter>Header Files</Filter>
    </ClInclude>
    <ClInclude Include="deps\vendor\Jolt\Physics\Body\BodyCreationSettings.h">
      <Filter>Header Files</Filter>
    </ClInclude>
    <ClInclude Include="deps\vendor\Jolt\Physics\Body\BodyFilter.h">
      <Filter>Header Files</Filter>
    </ClInclude>
    <ClInclude Include="deps\vendor\Jolt\Physics\Body\BodyID.h">
      <Filter>Header Files</Filter>
    </ClInclude>
    <ClInclude Include="deps\vendor\Jolt\Physics\Body\BodyInterface.h">
      <Filter>Header Files</Filter>
    </ClInclude>
    <ClInclude Include="deps\vendor\Jolt\Physics\Body\BodyLock.h">
      <Filter>Header Files</Filter>
    </ClInclude>
    <ClInclude Include="deps\vendor\Jolt\Physics\Body\BodyLockInterface.h">
      <Filter>Header Files</Filter>
    </ClInclude>
    <ClInclude Include="deps\vendor\Jolt\Physics\Body\BodyLockMulti.h">
      <Filter>Header Files</Filter>
    </ClInclude>
    <ClInclude Include="deps\vendor\Jolt\Physics\Body\BodyManager.h">
      <Filter>Header Files</Filter>
    </ClInclude>
    <ClInclude Include="deps\vendor\Jolt\Physics\Body\BodyPair.h">
      <Filter>Header Files</Filter>
    </ClInclude>
    <ClInclude Include="deps\vendor\Jolt\Physics\Body\BodyType.h">
      <Filter>Header Files</Filter>
    </ClInclude>
    <ClInclude Include="deps\vendor\Jolt\Physics\Body\MassProperties.h">
      <Filter>Header Files</Filter>
    </ClInclude>
    <ClInclude Include="deps\vendor\Jolt\Physics\Body\MotionProperties.h">
      <Filter>Header Files</Filter>
    </ClInclude>
    <ClInclude Include="deps\vendor\Jolt\Physics\Body\MotionQuality.h">
      <Filter>Header Files</Filter>
    </ClInclude>
    <ClInclude Include="deps\vendor\Jolt\Physics\Body\MotionType.h">
      <Filter>Header Files</Filter>
    </ClInclude>
    <ClInclude Include="deps\vendor\Jolt\Physics\Character\Character.h">
      <Filter>Header Files</Filter>
    </ClInclude>
    <ClInclude Include="deps\vendor\Jolt\Physics\Character\CharacterBase.h">
      <Filter>Header Files</Filter>
    </ClInclude>
    <ClInclude Include="deps\vendor\Jolt\Physics\Character\CharacterID.h">
      <Filter>Header Files</Filter>
    </ClInclude>
    <ClInclude Include="deps\vendor\Jolt\Physics\Character\CharacterVirtual.h">
      <Filter>Header Files</Filter>
    </ClInclude>
    <ClInclude Include="deps\vendor\Jolt\Physics\Collision\BroadPhase\BroadPhase.h">
      <Filter>Header Files</Filter>
    </ClInclude>
    <ClInclude Include="deps\vendor\Jolt\Physics\Collision\BroadPhase\BroadPhaseBruteForce.h">
      <Filter>Header Files</Filter>
    </ClInclude>
    <ClInclude Include="deps\vendor\Jolt\Physics\Collision\BroadPhase\BroadPhaseLayer.h">
      <Filter>Header Files</Filter>
    </ClInclude>
    <ClInclude Include="deps\vendor\Jolt\Physics\Collision\BroadPhase\BroadPhaseLayerInterfaceMask.h">
      <Filter>Header Files</Filter>
    </ClInclude>
    <ClInclude Include="deps\vendor\Jolt\Physics\Collision\BroadPhase\BroadPhaseLayerInterfaceTable.h">
      <Filter>Header Files</Filter>
    </ClInclude>
    <ClInclude Include="deps\vendor\Jolt\Physics\Collision\BroadPhase\BroadPhaseQuadTree.h">
      <Filter>Header Files</Filter>
    </ClInclude>
    <ClInclude Include="deps\vendor\Jolt\Physics\Collision\BroadPhase\BroadPhaseQuery.h">
      <Filter>Header Files</Filter>
    </ClInclude>
    <ClInclude Include="deps\vendor\Jolt\Physics\Collision\BroadPhase\ObjectVsBroadPhaseLayerFilterMask.h">
      <Filter>Header Files</Filter>
    </ClInclude>
    <ClInclude Include="deps\vendor\Jolt\Physics\Collision\BroadPhase\ObjectVsBroadPhaseLayerFilterTable.h">
      <Filter>Header Files</Filter>
    </ClInclude>
    <ClInclude Include="deps\vendor\Jolt\Physics\Collision\BroadPhase\QuadTree.h">
      <Filter>Header Files</Filter>
    </ClInclude>
    <ClInclude Include="deps\vendor\Jolt\Physics\Collision\Shape\BoxShape.h">
      <Filter>Header Files</Filter>
    </ClInclude>
    <ClInclude Include="deps\vendor\Jolt\Physics\Collision\Shape\CapsuleShape.h">
      <Filter>Header Files</Filter>
    </ClInclude>
    <ClInclude Include="deps\vendor\Jolt\Physics\Collision\Shape\CompoundShape.h">
      <Filter>Header Files</Filter>
    </ClInclude>
    <ClInclude Include="deps\vendor\Jolt\Physics\Collision\Shape\CompoundShapeVisitors.h">
      <Filter>Header Files</Filter>
    </ClInclude>
    <ClInclude Include="deps\vendor\Jolt\Physics\Collision\Shape\ConvexHullShape.h">
      <Filter>Header Files</Filter>
    </ClInclude>
    <ClInclude Include="deps\vendor\Jolt\Physics\Collision\Shape\ConvexShape.h">
      <Filter>Header Files</Filter>
    </ClInclude>
    <ClInclude Include="deps\vendor\Jolt\Physics\Collision\Shape\CylinderShape.h">
      <Filter>Header Files</Filter>
    </ClInclude>
    <ClInclude Include="deps\vendor\Jolt\Physics\Collision\Shape\DecoratedShape.h">
      <Filter>Header Files</Filter>
    </ClInclude>
    <ClInclude Include="deps\vendor\Jolt\Physics\Collision\Shape\EmptyShape.h">
      <Filter>Header Files</Filter>
    </ClInclude>
    <ClInclude Include="deps\vendor\Jolt\Physics\Collision\Shape\GetTrianglesContext.h">
      <Filter>Header Files</Filter>
    </ClInclude>
    <ClInclude Include="deps\vendor\Jolt\Physics\Collision\Shape\HeightFieldShape.h">
      <Filter>Header Files</Filter>
    </ClInclude>
    <ClInclude Include="deps\vendor\Jolt\Physics\Collision\Shape\MeshShape.h">
      <Filter>Header Files</Filter>
    </ClInclude>
    <ClInclude Include="deps\vendor\Jolt\Physics\Collision\Shape\MutableCompoundShape.h">
      <Filter>Header Files</Filter>
    </ClInclude>
    <ClInclude Include="deps\vendor\Jolt\Physics\Collision\Shape\OffsetCenterOfMassShape.h">
      <Filter>Header Files</Filter>
    </ClInclude>
    <ClInclude Include="deps\vendor\Jolt\Physics\Collision\Shape\PlaneShape.h">
      <Filter>Header Files</Filter>
    </ClInclude>
    <ClInclude Include="deps\vendor\Jolt\Physics\Collision\Shape\PolyhedronSubmergedVolumeCalculator.h">
      <Filter>Header Files</Filter>
    </ClInclude>
    <ClInclude Include="deps\vendor\Jolt\Physics\Collision\Shape\RotatedTranslatedShape.h">
      <Filter>Header Files</Filter>
    </ClInclude>
    <ClInclude Include="deps\vendor\Jolt\Physics\Collision\Shape\ScaledShape.h">
      <Filter>Header Files</Filter>
    </ClInclude>
    <ClInclude Include="deps\vendor\Jolt\Physics\Collision\Shape\ScaleHelpers.h">
      <Filter>Header Files</Filter>
    </ClInclude>
    <ClInclude Include="deps\vendor\Jolt\Physics\Collision\Shape\Shape.h">
      <Filter>Header Files</Filter>
    </ClInclude>
    <ClInclude Include="deps\vendor\Jolt\Physics\Collision\Shape\SphereShape.h">
      <Filter>Header Files</Filter>
    </ClInclude>
    <ClInclude Include="deps\vendor\Jolt\Physics\Collision\Shape\StaticCompoundShape.h">
      <Filter>Header Files</Filter>
    </ClInclude>
    <ClInclude Include="deps\vendor\Jolt\Physics\Collision\Shape\SubShapeID.h">
      <Filter>Header Files</Filter>
    </ClInclude>
    <ClInclude Include="deps\vendor\Jolt\Physics\Collision\Shape\SubShapeIDPair.h">
      <Filter>Header Files</Filter>
    </ClInclude>
    <ClInclude Include="deps\vendor\Jolt\Physics\Collision\Shape\TaperedCapsuleShape.h">
      <Filter>Header Files</Filter>
    </ClInclude>
    <ClInclude Include="deps\vendor\Jolt\Physics\Collision\Shape\TaperedCylinderShape.h">
      <Filter>Header Files</Filter>
    </ClInclude>
    <ClInclude Include="deps\vendor\Jolt\Physics\Collision\Shape\TriangleShape.h">
      <Filter>Header Files</Filter>
    </ClInclude>
    <ClInclude Include="deps\vendor\Jolt\Physics\Collision\AABoxCast.h">
      <Filter>Header Files</Filter>
    </ClInclude>
    <ClInclude Include="deps\vendor\Jolt\Physics\Collision\ActiveEdgeMode.h">
      <Filter>Header Files</Filter>
    </ClInclude>
    <ClInclude Include="deps\vendor\Jolt\Physics\Collision\ActiveEdges.h">
      <Filter>Header Files</Filter>
    </ClInclude>
    <ClInclude Include="deps\vendor\Jolt\Physics\Collision\BackFaceMode.h">
      <Filter>Header Files</Filter>
    </ClInclude>
    <ClInclude Include="deps\vendor\Jolt\Physics\Collision\CastConvexVsTriangles.h">
      <Filter>Header Files</Filter>
    </ClInclude>
    <ClInclude Include="deps\vendor\Jolt\Physics\Collision\CastResult.h">
      <Filter>Header Files</Filter>
    </ClInclude>
    <ClInclude Include="deps\vendor\Jolt\Physics\Collision\CastSphereVsTriangles.h">
      <Filter>Header Files</Filter>
    </ClInclude>
    <ClInclude Include="deps\vendor\Jolt\Physics\Collision\CollectFacesMode.h">
      <Filter>Header Files</Filter>
    </ClInclude>
    <ClInclude Include="deps\vendor\Jolt\Physics\Collision\CollideConvexVsTriangles.h">
      <Filter>Header Files</Filter>
    </ClInclude>
    <ClInclude Include="deps\vendor\Jolt\Physics\Collision\CollidePointResult.h">
      <Filter>Header Files</Filter>
    </ClInclude>
    <ClInclude Include="deps\vendor\Jolt\Physics\Collision\CollideShape.h">
      <Filter>Header Files</Filter>
    </ClInclude>
    <ClInclude Include="deps\vendor\Jolt\Physics\Collision\CollideShapeVsShapePerLeaf.h">
      <Filter>Header Files</Filter>
    </ClInclude>
    <ClInclude Include="deps\vendor\Jolt\Physics\Collision\CollideSoftBodyVertexIterator.h">
      <Filter>Header Files</Filter>
    </ClInclude>
    <ClInclude Include="deps\vendor\Jolt\Physics\Collision\CollideSoftBodyVerticesVsTriangles.h">
      <Filter>Header Files</Filter>
    </ClInclude>
    <ClInclude Include="deps\vendor\Jolt\Physics\Collision\CollideSphereVsTriangles.h">
      <Filter>Header Files</Filter>
    </ClInclude>
    <ClInclude Include="deps\vendor\Jolt\Physics\Collision\CollisionCollector.h">
      <Filter>Header Files</Filter>
    </ClInclude>
    <ClInclude Include="deps\vendor\Jolt\Physics\Collision\CollisionCollectorImpl.h">
      <Filter>Header Files</Filter>
    </ClInclude>
    <ClInclude Include="deps\vendor\Jolt\Physics\Collision\CollisionDispatch.h">
      <Filter>Header Files</Filter>
    </ClInclude>
    <ClInclude Include="deps\vendor\Jolt\Physics\Collision\CollisionGroup.h">
      <Filter>Header Files</Filter>
    </ClInclude>
    <ClInclude Include="deps\vendor\Jolt\Physics\Collision\ContactListener.h">
      <Filter>Header Files</Filter>
    </ClInclude>
    <ClInclude Include="deps\vendor\Jolt\Physics\Collision\EstimateCollisionResponse.h">
      <Filter>Header Files</Filter>
    </ClInclude>
    <ClInclude Include="deps\vendor\Jolt\Physics\Collision\GroupFilter.h">
      <Filter>Header Files</Filter>
    </ClInclude>
    <ClInclude Include="deps\vendor\Jolt\Physics\Collision\GroupFilterTable.h">
      <Filter>Header Files</Filter>
    </ClInclude>
    <ClInclude Include="deps\vendor\Jolt\Physics\Collision\InternalEdgeRemovingCollector.h">
      <Filter>Header Files</Filter>
    </ClInclude>
    <ClInclude Include="deps\vendor\Jolt\Physics\Collision\ManifoldBetweenTwoFaces.h">
      <Filter>Header Files</Filter>
    </ClInclude>
    <ClInclude Include="deps\vendor\Jolt\Physics\Collision\NarrowPhaseQuery.h">
      <Filter>Header Files</Filter>
    </ClInclude>
    <ClInclude Include="deps\vendor\Jolt\Physics\Collision\NarrowPhaseStats.h">
      <Filter>Header Files</Filter>
    </ClInclude>
    <ClInclude Include="deps\vendor\Jolt\Physics\Collision\ObjectLayer.h">
      <Filter>Header Files</Filter>
    </ClInclude>
    <ClInclude Include="deps\vendor\Jolt\Physics\Collision\ObjectLayerPairFilterMask.h">
      <Filter>Header Files</Filter>
    </ClInclude>
    <ClInclude Include="deps\vendor\Jolt\Physics\Collision\ObjectLayerPairFilterTable.h">
      <Filter>Header Files</Filter>
    </ClInclude>
    <ClInclude Include="deps\vendor\Jolt\Physics\Collision\PhysicsMaterial.h">
      <Filter>Header Files</Filter>
    </ClInclude>
    <ClInclude Include="deps\vendor\Jolt\Physics\Collision\PhysicsMaterialSimple.h">
      <Filter>Header Files</Filter>
    </ClInclude>
    <ClInclude Include="deps\vendor\Jolt\Physics\Collision\RayCast.h">
      <Filter>Header Files</Filter>
    </ClInclude>
    <ClInclude Include="deps\vendor\Jolt\Physics\Collision\ShapeCast.h">
      <Filter>Header Files</Filter>
    </ClInclude>
    <ClInclude Include="deps\vendor\Jolt\Physics\Collision\ShapeFilter.h">
      <Filter>Header Files</Filter>
    </ClInclude>
    <ClInclude Include="deps\vendor\Jolt\Physics\Collision\SimShapeFilter.h">
      <Filter>Header Files</Filter>
    </ClInclude>
    <ClInclude Include="deps\vendor\Jolt\Physics\Collision\SimShapeFilterWrapper.h">
      <Filter>Header Files</Filter>
    </ClInclude>
    <ClInclude Include="deps\vendor\Jolt\Physics\Collision\SortReverseAndStore.h">
      <Filter>Header Files</Filter>
    </ClInclude>
    <ClInclude Include="deps\vendor\Jolt\Physics\Collision\TransformedShape.h">
      <Filter>Header Files</Filter>
    </ClInclude>
    <ClInclude Include="deps\vendor\Jolt\Physics\Constraints\ConstraintPart\AngleConstraintPart.h">
      <Filter>Header Files</Filter>
    </ClInclude>
    <ClInclude Include="deps\vendor\Jolt\Physics\Constraints\ConstraintPart\AxisConstraintPart.h">
      <Filter>Header Files</Filter>
    </ClInclude>
    <ClInclude Include="deps\vendor\Jolt\Physics\Constraints\ConstraintPart\DualAxisConstraintPart.h">
      <Filter>Header Files</Filter>
    </ClInclude>
    <ClInclude Include="deps\vendor\Jolt\Physics\Constraints\ConstraintPart\GearConstraintPart.h">
      <Filter>Header Files</Filter>
    </ClInclude>
    <ClInclude Include="deps\vendor\Jolt\Physics\Constraints\ConstraintPart\HingeRotationConstraintPart.h">
      <Filter>Header Files</Filter>
    </ClInclude>
    <ClInclude Include="deps\vendor\Jolt\Physics\Constraints\ConstraintPart\IndependentAxisConstraintPart.h">
      <Filter>Header Files</Filter>
    </ClInclude>
    <ClInclude Include="deps\vendor\Jolt\Physics\Constraints\ConstraintPart\PointConstraintPart.h">
      <Filter>Header Files</Filter>
    </ClInclude>
    <ClInclude Include="deps\vendor\Jolt\Physics\Constraints\ConstraintPart\RackAndPinionConstraintPart.h">
      <Filter>Header Files</Filter>
    </ClInclude>
    <ClInclude Include="deps\vendor\Jolt\Physics\Constraints\ConstraintPart\RotationEulerConstraintPart.h">
      <Filter>Header Files</Filter>
    </ClInclude>
    <ClInclude Include="deps\vendor\Jolt\Physics\Constraints\ConstraintPart\RotationQuatConstraintPart.h">
      <Filter>Header Files</Filter>
    </ClInclude>
    <ClInclude Include="deps\vendor\Jolt\Physics\Constraints\ConstraintPart\SpringPart.h">
      <Filter>Header Files</Filter>
    </ClInclude>
    <ClInclude Include="deps\vendor\Jolt\Physics\Constraints\ConstraintPart\SwingTwistConstraintPart.h">
      <Filter>Header Files</Filter>
    </ClInclude>
    <ClInclude Include="deps\vendor\Jolt\Physics\Constraints\CalculateSolverSteps.h">
      <Filter>Header Files</Filter>
    </ClInclude>
    <ClInclude Include="deps\vendor\Jolt\Physics\Constraints\ConeConstraint.h">
      <Filter>Header Files</Filter>
    </ClInclude>
    <ClInclude Include="deps\vendor\Jolt\Physics\Constraints\Constraint.h">
      <Filter>Header Files</Filter>
    </ClInclude>
    <ClInclude Include="deps\vendor\Jolt\Physics\Constraints\ConstraintManager.h">
      <Filter>Header Files</Filter>
    </ClInclude>
    <ClInclude Include="deps\vendor\Jolt\Physics\Constraints\ContactConstraintManager.h">
      <Filter>Header Files</Filter>
    </ClInclude>
    <ClInclude Include="deps\vendor\Jolt\Physics\Constraints\DistanceConstraint.h">
      <Filter>Header Files</Filter>
    </ClInclude>
    <ClInclude Include="deps\vendor\Jolt\Physics\Constraints\FixedConstraint.h">
      <Filter>Header Files</Filter>
    </ClInclude>
    <ClInclude Include="deps\vendor\Jolt\Physics\Constraints\GearConstraint.h">
      <Filter>Header Files</Filter>
    </ClInclude>
    <ClInclude Include="deps\vendor\Jolt\Physics\Constraints\HingeConstraint.h">
      <Filter>Header Files</Filter>
    </ClInclude>
    <ClInclude Include="deps\vendor\Jolt\Physics\Constraints\MotorSettings.h">
      <Filter>Header Files</Filter>
    </ClInclude>
    <ClInclude Include="deps\vendor\Jolt\Physics\Constraints\PathConstraint.h">
      <Filter>Header Files</Filter>
    </ClInclude>
    <ClInclude Include="deps\vendor\Jolt\Physics\Constraints\PathConstraintPath.h">
      <Filter>Header Files</Filter>
    </ClInclude>
    <ClInclude Include="deps\vendor\Jolt\Physics\Constraints\PathConstraintPathHermite.h">
      <Filter>Header Files</Filter>
    </ClInclude>
    <ClInclude Include="deps\vendor\Jolt\Physics\Constraints\PointConstraint.h">
      <Filter>Header Files</Filter>
    </ClInclude>
    <ClInclude Include="deps\vendor\Jolt\Physics\Constraints\PulleyConstraint.h">
      <Filter>Header Files</Filter>
    </ClInclude>
    <ClInclude Include="deps\vendor\Jolt\Physics\Constraints\RackAndPinionConstraint.h">
      <Filter>Header Files</Filter>
    </ClInclude>
    <ClInclude Include="deps\vendor\Jolt\Physics\Constraints\SixDOFConstraint.h">
      <Filter>Header Files</Filter>
    </ClInclude>
    <ClInclude Include="deps\vendor\Jolt\Physics\Constraints\SliderConstraint.h">
      <Filter>Header Files</Filter>
    </ClInclude>
    <ClInclude Include="deps\vendor\Jolt\Physics\Constraints\SpringSettings.h">
      <Filter>Header Files</Filter>
    </ClInclude>
    <ClInclude Include="deps\vendor\Jolt\Physics\Constraints\SwingTwistConstraint.h">
      <Filter>Header Files</Filter>
    </ClInclude>
    <ClInclude Include="deps\vendor\Jolt\Physics\Constraints\TwoBodyConstraint.h">
      <Filter>Header Files</Filter>
    </ClInclude>
    <ClInclude Include="deps\vendor\Jolt\Physics\Ragdoll\Ragdoll.h">
      <Filter>Header Files</Filter>
    </ClInclude>
    <ClInclude Include="deps\vendor\Jolt\Physics\SoftBody\SoftBodyContactListener.h">
      <Filter>Header Files</Filter>
    </ClInclude>
    <ClInclude Include="deps\vendor\Jolt\Physics\SoftBody\SoftBodyCreationSettings.h">
      <Filter>Header Files</Filter>
    </ClInclude>
    <ClInclude Include="deps\vendor\Jolt\Physics\SoftBody\SoftBodyManifold.h">
      <Filter>Header Files</Filter>
    </ClInclude>
    <ClInclude Include="deps\vendor\Jolt\Physics\SoftBody\SoftBodyMotionProperties.h">
      <Filter>Header Files</Filter>
    </ClInclude>
    <ClInclude Include="deps\vendor\Jolt\Physics\SoftBody\SoftBodyShape.h">
      <Filter>Header Files</Filter>
    </ClInclude>
    <ClInclude Include="deps\vendor\Jolt\Physics\SoftBody\SoftBodySharedSettings.h">
      <Filter>Header Files</Filter>
    </ClInclude>
    <ClInclude Include="deps\vendor\Jolt\Physics\SoftBody\SoftBodyUpdateContext.h">
      <Filter>Header Files</Filter>
    </ClInclude>
    <ClInclude Include="deps\vendor\Jolt\Physics\SoftBody\SoftBodyVertex.h">
      <Filter>Header Files</Filter>
    </ClInclude>
    <ClInclude Include="deps\vendor\Jolt\Physics\Vehicle\MotorcycleController.h">
      <Filter>Header Files</Filter>
    </ClInclude>
    <ClInclude Include="deps\vendor\Jolt\Physics\Vehicle\TrackedVehicleController.h">
      <Filter>Header Files</Filter>
    </ClInclude>
    <ClInclude Include="deps\vendor\Jolt\Physics\Vehicle\VehicleAntiRollBar.h">
      <Filter>Header Files</Filter>
    </ClInclude>
    <ClInclude Include="deps\vendor\Jolt\Physics\Vehicle\VehicleCollisionTester.h">
      <Filter>Header Files</Filter>
    </ClInclude>
    <ClInclude Include="deps\vendor\Jolt\Physics\Vehicle\VehicleConstraint.h">
      <Filter>Header Files</Filter>
    </ClInclude>
    <ClInclude Include="deps\vendor\Jolt\Physics\Vehicle\VehicleController.h">
      <Filter>Header Files</Filter>
    </ClInclude>
    <ClInclude Include="deps\vendor\Jolt\Physics\Vehicle\VehicleDifferential.h">
      <Filter>Header Files</Filter>
    </ClInclude>
    <ClInclude Include="deps\vendor\Jolt\Physics\Vehicle\VehicleEngine.h">
      <Filter>Header Files</Filter>
    </ClInclude>
    <ClInclude Include="deps\vendor\Jolt\Physics\Vehicle\VehicleTrack.h">
      <Filter>Header Files</Filter>
    </ClInclude>
    <ClInclude Include="deps\vendor\Jolt\Physics\Vehicle\VehicleTransmission.h">
      <Filter>Header Files</Filter>
    </ClInclude>
    <ClInclude Include="deps\vendor\Jolt\Physics\Vehicle\Wheel.h">
      <Filter>Header Files</Filter>
    </ClInclude>
    <ClInclude Include="deps\vendor\Jolt\Physics\Vehicle\WheeledVehicleController.h">
      <Filter>Header Files</Filter>
    </ClInclude>
    <ClInclude Include="deps\vendor\Jolt\Physics\DeterminismLog.h">
      <Filter>Header Files</Filter>
    </ClInclude>
    <ClInclude Include="deps\vendor\Jolt\Physics\EActivation.h">
      <Filter>Header Files</Filter>
    </ClInclude>
    <ClInclude Include="deps\vendor\Jolt\Physics\EPhysicsUpdateError.h">
      <Filter>Header Files</Filter>
    </ClInclude>
    <ClInclude Include="deps\vendor\Jolt\Physics\IslandBuilder.h">
      <Filter>Header Files</Filter>
    </ClInclude>
    <ClInclude Include="deps\vendor\Jolt\Physics\LargeIslandSplitter.h">
      <Filter>Header Files</Filter>
    </ClInclude>
    <ClInclude Include="deps\vendor\Jolt\Physics\PhysicsLock.h">
      <Filter>Header Files</Filter>
    </ClInclude>
    <ClInclude Include="deps\vendor\Jolt\Physics\PhysicsScene.h">
      <Filter>Header Files</Filter>
    </ClInclude>
    <ClInclude Include="deps\vendor\Jolt\Physics\PhysicsSettings.h">
      <Filter>Header Files</Filter>
    </ClInclude>
    <ClInclude Include="deps\vendor\Jolt\Physics\PhysicsStepListener.h">
      <Filter>Header Files</Filter>
    </ClInclude>
    <ClInclude Include="deps\vendor\Jolt\Physics\PhysicsSystem.h">
      <Filter>Header Files</Filter>
    </ClInclude>
    <ClInclude Include="deps\vendor\Jolt\Physics\PhysicsUpdateContext.h">
      <Filter>Header Files</Filter>
    </ClInclude>
    <ClInclude Include="deps\vendor\Jolt\Physics\StateRecorder.h">
      <Filter>Header Files</Filter>
    </ClInclude>
    <ClInclude Include="deps\vendor\Jolt\Physics\StateRecorderImpl.h">
      <Filter>Header Files</Filter>
    </ClInclude>
    <ClInclude Include="deps\vendor\Jolt\Renderer\DebugRenderer.h">
      <Filter>Header Files</Filter>
    </ClInclude>
    <ClInclude Include="deps\vendor\Jolt\Renderer\DebugRendererPlayback.h">
      <Filter>Header Files</Filter>
    </ClInclude>
    <ClInclude Include="deps\vendor\Jolt\Renderer\DebugRendererRecorder.h">
      <Filter>Header Files</Filter>
    </ClInclude>
    <ClInclude Include="deps\vendor\Jolt\Renderer\DebugRendererSimple.h">
      <Filter>Header Files</Filter>
    </ClInclude>
    <ClInclude Include="deps\vendor\Jolt\Skeleton\SkeletalAnimation.h">
      <Filter>Header Files</Filter>
    </ClInclude>
    <ClInclude Include="deps\vendor\Jolt\Skeleton\Skeleton.h">
      <Filter>Header Files</Filter>
    </ClInclude>
    <ClInclude Include="deps\vendor\Jolt\Skeleton\SkeletonMapper.h">
      <Filter>Header Files</Filter>
    </ClInclude>
    <ClInclude Include="deps\vendor\Jolt\Skeleton\SkeletonPose.h">
      <Filter>Header Files</Filter>
    </ClInclude>
    <ClInclude Include="deps\vendor\Jolt\TriangleSplitter\TriangleSplitter.h">
      <Filter>Header Files</Filter>
    </ClInclude>
    <ClInclude Include="deps\vendor\Jolt\TriangleSplitter\TriangleSplitterBinning.h">
      <Filter>Header Files</Filter>
    </ClInclude>
    <ClInclude Include="deps\vendor\Jolt\TriangleSplitter\TriangleSplitterMean.h">
      <Filter>Header Files</Filter>
    </ClInclude>
    <ClInclude Include="deps\vendor\Jolt\ConfigurationString.h">
      <Filter>Header Files</Filter>
    </ClInclude>
    <ClInclude Include="deps\vendor\Jolt\Jolt.h">
      <Filter>Header Files</Filter>
    </ClInclude>
    <ClInclude Include="deps\vendor\Jolt\RegisterTypes.h">
      <Filter>Header Files</Filter>
    </ClInclude>
  </ItemGroup>
  <ItemGroup>
    <ClCompile Include="deps\implementations\glad.c">
      <Filter>Source Files</Filter>
    </ClCompile>
    <ClCompile Include="src\Core\Context\Context.cpp">
      <Filter>Source Files</Filter>
    </ClCompile>
    <ClCompile Include="src\Core\Scenes\ScenesManager.cpp">
      <Filter>Source Files</Filter>
    </ClCompile>
    <ClCompile Include="src\Core\Models\ModelsManager.cpp">
      <Filter>Source Files</Filter>
    </ClCompile>
    <ClCompile Include="src\Rendering\Cameras\CamerasManager.cpp">
      <Filter>Source Files</Filter>
    </ClCompile>
    <ClCompile Include="src\Rendering\Cameras\Camera.cpp">
      <Filter>Source Files</Filter>
    </ClCompile>
    <ClCompile Include="src\Core\Models\Model.cpp">
      <Filter>Source Files</Filter>
    </ClCompile>
    <ClCompile Include="src\Core\Scenes\Scene.cpp">
      <Filter>Source Files</Filter>
    </ClCompile>
    <ClCompile Include="src\Core\GameObject\GameObject.cpp">
      <Filter>Source Files</Filter>
    </ClCompile>
    <ClCompile Include="src\Core\GameObject\GameObjectsManager.cpp">
      <Filter>Source Files</Filter>
    </ClCompile>
    <ClCompile Include="src\Rendering\Textures\Texture.cpp">
      <Filter>Source Files</Filter>
    </ClCompile>
    <ClCompile Include="src\Rendering\Textures\TexturesManager.cpp">
      <Filter>Source Files</Filter>
    </ClCompile>
    <ClCompile Include="src\Core\Models\ModelObjLoader.cpp">
      <Filter>Source Files</Filter>
    </ClCompile>
    <ClCompile Include="src\Components\Components.cpp">
      <Filter>Source Files</Filter>
    </ClCompile>
    <ClCompile Include="src\Components\Mesh.cpp">
      <Filter>Source Files</Filter>
    </ClCompile>
    <ClCompile Include="src\Core\Window\Window.cpp">
      <Filter>Source Files</Filter>
    </ClCompile>
    <ClCompile Include="src\Core\Context\Init.cpp">
      <Filter>Source Files</Filter>
    </ClCompile>
    <ClCompile Include="src\Rendering\Shaders\Shader.cpp">
      <Filter>Source Files</Filter>
    </ClCompile>
    <ClCompile Include="src\Rendering\Shaders\ShadersManager.cpp">
      <Filter>Source Files</Filter>
    </ClCompile>
    <ClCompile Include="src\Core\InputSystem\InputSystem.cpp">
      <Filter>Source Files</Filter>
    </ClCompile>
    <ClCompile Include="src\Services\Tween.cpp">
      <Filter>Source Files</Filter>
    </ClCompile>
    <ClCompile Include="src\Services\Service.cpp">
      <Filter>Source Files</Filter>
    </ClCompile>
    <ClCompile Include="src\UI\UIManager.cpp">
      <Filter>Source Files</Filter>
    </ClCompile>
    <ClCompile Include="src\UI\Elements\UIElement.cpp">
      <Filter>Source Files</Filter>
    </ClCompile>
    <ClCompile Include="src\UI\Elements\Image.cpp">
      <Filter>Source Files</Filter>
    </ClCompile>
    <ClCompile Include="src\Components\Light.cpp">
      <Filter>Source Files</Filter>
    </ClCompile>
    <ClCompile Include="deps\implementations\stb.c">
      <Filter>Source Files</Filter>
    </ClCompile>
    <ClCompile Include="src\UI\Elements\Text.cpp">
      <Filter>Source Files</Filter>
    </ClCompile>
    <ClCompile Include="src\UI\Elements\Button.cpp">
      <Filter>Source Files</Filter>
    </ClCompile>
    <ClCompile Include="src\Components\Collider.cpp">
      <Filter>Source Files</Filter>
    </ClCompile>
    <ClCompile Include="src\Physics\PhysicsEngine.cpp">
      <Filter>Source Files</Filter>
    </ClCompile>
    <ClCompile Include="src\Components\RigidBody.cpp">
      <Filter>Source Files</Filter>
    </ClCompile>
    <ClCompile Include="src\Rendering\Renderer\Renderer.cpp">
      <Filter>Source Files</Filter>
    </ClCompile>
    <ClCompile Include="src\GameFiles\ScenePak.cpp">
      <Filter>Source Files</Filter>
    </ClCompile>
    <ClCompile Include="src\GameFiles\ResourcesPak.cpp">
      <Filter>Source Files</Filter>
    </ClCompile>
    <ClCompile Include="src\Core\Scripting\Scripting.cpp">
      <Filter>Source Files</Filter>
    </ClCompile>
    <ClCompile Include="src\Core\Scripting\Binding\GlmTypesBinding.cpp">
      <Filter>Source Files</Filter>
    </ClCompile>
    <ClCompile Include="src\Core\Scripting\Binding\YnginTypesBinding.cpp">
      <Filter>Source Files</Filter>
    </ClCompile>
    <ClCompile Include="src\Core\Scripting\Binding\YnginTable.cpp">
      <Filter>Source Files</Filter>
    </ClCompile>
    <ClCompile Include="src\GameFiles\PakGenerators.cpp">
      <Filter>Source Files</Filter>
    </ClCompile>
    <ClCompile Include="src\GameFiles\PakLoaders.cpp">
      <Filter>Source Files</Filter>
    </ClCompile>
    <ClCompile Include="src\GameFiles\CorePak.cpp">
      <Filter>Source Files</Filter>
    </ClCompile>
    <ClCompile Include="src\GameFiles\GamePak.cpp">
      <Filter>Source Files</Filter>
    </ClCompile>
    <ClCompile Include="src\Utils\Meta.cpp">
      <Filter>Source Files</Filter>
    </ClCompile>
    <ClCompile Include="src\Core\Materials\MaterialsManager.cpp">
      <Filter>Source Files</Filter>
    </ClCompile>
    <ClCompile Include="src\Core\Materials\Material.cpp">
      <Filter>Source Files</Filter>
    </ClCompile>
    <ClCompile Include="src\GameFiles\PakValidators.cpp">
      <Filter>Source Files</Filter>
    </ClCompile>
    <ClCompile Include="deps\vendor\Jolt\AABBTree\AABBTreeBuilder.cpp">
      <Filter>Source Files</Filter>
    </ClCompile>
    <ClCompile Include="deps\vendor\Jolt\Core\Color.cpp">
      <Filter>Source Files</Filter>
    </ClCompile>
    <ClCompile Include="deps\vendor\Jolt\Core\Factory.cpp">
      <Filter>Source Files</Filter>
    </ClCompile>
    <ClCompile Include="deps\vendor\Jolt\Core\IssueReporting.cpp">
      <Filter>Source Files</Filter>
    </ClCompile>
    <ClCompile Include="deps\vendor\Jolt\Core\JobSystemSingleThreaded.cpp">
      <Filter>Source Files</Filter>
    </ClCompile>
    <ClCompile Include="deps\vendor\Jolt\Core\JobSystemThreadPool.cpp">
      <Filter>Source Files</Filter>
    </ClCompile>
    <ClCompile Include="deps\vendor\Jolt\Core\JobSystemWithBarrier.cpp">
      <Filter>Source Files</Filter>
    </ClCompile>
    <ClCompile Include="deps\vendor\Jolt\Core\LinearCurve.cpp">
      <Filter>Source Files</Filter>
    </ClCompile>
    <ClCompile Include="deps\vendor\Jolt\Core\Memory.cpp">
      <Filter>Source Files</Filter>
    </ClCompile>
    <ClCompile Include="deps\vendor\Jolt\Core\Profiler.cpp">
      <Filter>Source Files</Filter>
    </ClCompile>
    <ClCompile Include="deps\vendor\Jolt\Core\RTTI.cpp">
      <Filter>Source Files</Filter>
    </ClCompile>
    <ClCompile Include="deps\vendor\Jolt\Core\Semaphore.cpp">
      <Filter>Source Files</Filter>
    </ClCompile>
    <ClCompile Include="deps\vendor\Jolt\Core\StringTools.cpp">
      <Filter>Source Files</Filter>
    </ClCompile>
    <ClCompile Include="deps\vendor\Jolt\Core\TickCounter.cpp">
      <Filter>Source Files</Filter>
    </ClCompile>
    <ClCompile Include="deps\vendor\Jolt\Geometry\ConvexHullBuilder.cpp">
      <Filter>Source Files</Filter>
    </ClCompile>
    <ClCompile Include="deps\vendor\Jolt\Geometry\ConvexHullBuilder2D.cpp">
      <Filter>Source Files</Filter>
    </ClCompile>
    <ClCompile Include="deps\vendor\Jolt\Geometry\Indexify.cpp">
      <Filter>Source Files</Filter>
    </ClCompile>
    <ClCompile Include="deps\vendor\Jolt\Geometry\OrientedBox.cpp">
      <Filter>Source Files</Filter>
    </ClCompile>
    <ClCompile Include="deps\vendor\Jolt\Math\Vec3.cpp">
      <Filter>Source Files</Filter>
    </ClCompile>
    <ClCompile Include="deps\vendor\Jolt\ObjectStream\ObjectStream.cpp">
      <Filter>Source Files</Filter>
    </ClCompile>
    <ClCompile Include="deps\vendor\Jolt\ObjectStream\ObjectStreamBinaryIn.cpp">
      <Filter>Source Files</Filter>
    </ClCompile>
    <ClCompile Include="deps\vendor\Jolt\ObjectStream\ObjectStreamBinaryOut.cpp">
      <Filter>Source Files</Filter>
    </ClCompile>
    <ClCompile Include="deps\vendor\Jolt\ObjectStream\ObjectStreamIn.cpp">
      <Filter>Source Files</Filter>
    </ClCompile>
    <ClCompile Include="deps\vendor\Jolt\ObjectStream\ObjectStreamOut.cpp">
      <Filter>Source Files</Filter>
    </ClCompile>
    <ClCompile Include="deps\vendor\Jolt\ObjectStream\ObjectStreamTextIn.cpp">
      <Filter>Source Files</Filter>
    </ClCompile>
    <ClCompile Include="deps\vendor\Jolt\ObjectStream\ObjectStreamTextOut.cpp">
      <Filter>Source Files</Filter>
    </ClCompile>
    <ClCompile Include="deps\vendor\Jolt\ObjectStream\SerializableObject.cpp">
      <Filter>Source Files</Filter>
    </ClCompile>
    <ClCompile Include="deps\vendor\Jolt\ObjectStream\TypeDeclarations.cpp">
      <Filter>Source Files</Filter>
    </ClCompile>
    <ClCompile Include="deps\vendor\Jolt\Physics\Body\Body.cpp">
      <Filter>Source Files</Filter>
    </ClCompile>
    <ClCompile Include="deps\vendor\Jolt\Physics\Body\BodyCreationSettings.cpp">
      <Filter>Source Files</Filter>
    </ClCompile>
    <ClCompile Include="deps\vendor\Jolt\Physics\Body\BodyInterface.cpp">
      <Filter>Source Files</Filter>
    </ClCompile>
    <ClCompile Include="deps\vendor\Jolt\Physics\Body\BodyManager.cpp">
      <Filter>Source Files</Filter>
    </ClCompile>
    <ClCompile Include="deps\vendor\Jolt\Physics\Body\MassProperties.cpp">
      <Filter>Source Files</Filter>
    </ClCompile>
    <ClCompile Include="deps\vendor\Jolt\Physics\Body\MotionProperties.cpp">
      <Filter>Source Files</Filter>
    </ClCompile>
    <ClCompile Include="deps\vendor\Jolt\Physics\Character\Character.cpp">
      <Filter>Source Files</Filter>
    </ClCompile>
    <ClCompile Include="deps\vendor\Jolt\Physics\Character\CharacterBase.cpp">
      <Filter>Source Files</Filter>
    </ClCompile>
    <ClCompile Include="deps\vendor\Jolt\Physics\Character\CharacterVirtual.cpp">
      <Filter>Source Files</Filter>
    </ClCompile>
    <ClCompile Include="deps\vendor\Jolt\Physics\Collision\BroadPhase\BroadPhase.cpp">
      <Filter>Source Files</Filter>
    </ClCompile>
    <ClCompile Include="deps\vendor\Jolt\Physics\Collision\BroadPhase\BroadPhaseBruteForce.cpp">
      <Filter>Source Files</Filter>
    </ClCompile>
    <ClCompile Include="deps\vendor\Jolt\Physics\Collision\BroadPhase\BroadPhaseQuadTree.cpp">
      <Filter>Source Files</Filter>
    </ClCompile>
    <ClCompile Include="deps\vendor\Jolt\Physics\Collision\BroadPhase\QuadTree.cpp">
      <Filter>Source Files</Filter>
    </ClCompile>
    <ClCompile Include="deps\vendor\Jolt\Physics\Collision\Shape\BoxShape.cpp">
      <Filter>Source Files</Filter>
    </ClCompile>
    <ClCompile Include="deps\vendor\Jolt\Physics\Collision\Shape\CapsuleShape.cpp">
      <Filter>Source Files</Filter>
    </ClCompile>
    <ClCompile Include="deps\vendor\Jolt\Physics\Collision\Shape\CompoundShape.cpp">
      <Filter>Source Files</Filter>
    </ClCompile>
    <ClCompile Include="deps\vendor\Jolt\Physics\Collision\Shape\ConvexHullShape.cpp">
      <Filter>Source Files</Filter>
    </ClCompile>
    <ClCompile Include="deps\vendor\Jolt\Physics\Collision\Shape\ConvexShape.cpp">
      <Filter>Source Files</Filter>
    </ClCompile>
    <ClCompile Include="deps\vendor\Jolt\Physics\Collision\Shape\CylinderShape.cpp">
      <Filter>Source Files</Filter>
    </ClCompile>
    <ClCompile Include="deps\vendor\Jolt\Physics\Collision\Shape\DecoratedShape.cpp">
      <Filter>Source Files</Filter>
    </ClCompile>
    <ClCompile Include="deps\vendor\Jolt\Physics\Collision\Shape\EmptyShape.cpp">
      <Filter>Source Files</Filter>
    </ClCompile>
    <ClCompile Include="deps\vendor\Jolt\Physics\Collision\Shape\HeightFieldShape.cpp">
      <Filter>Source Files</Filter>
    </ClCompile>
    <ClCompile Include="deps\vendor\Jolt\Physics\Collision\Shape\MeshShape.cpp">
      <Filter>Source Files</Filter>
    </ClCompile>
    <ClCompile Include="deps\vendor\Jolt\Physics\Collision\Shape\MutableCompoundShape.cpp">
      <Filter>Source Files</Filter>
    </ClCompile>
    <ClCompile Include="deps\vendor\Jolt\Physics\Collision\Shape\OffsetCenterOfMassShape.cpp">
      <Filter>Source Files</Filter>
    </ClCompile>
    <ClCompile Include="deps\vendor\Jolt\Physics\Collision\Shape\PlaneShape.cpp">
      <Filter>Source Files</Filter>
    </ClCompile>
    <ClCompile Include="deps\vendor\Jolt\Physics\Collision\Shape\RotatedTranslatedShape.cpp">
      <Filter>Source Files</Filter>
    </ClCompile>
    <ClCompile Include="deps\vendor\Jolt\Physics\Collision\Shape\ScaledShape.cpp">
      <Filter>Source Files</Filter>
    </ClCompile>
    <ClCompile Include="deps\vendor\Jolt\Physics\Collision\Shape\Shape.cpp">
      <Filter>Source Files</Filter>
    </ClCompile>
    <ClCompile Include="deps\vendor\Jolt\Physics\Collision\Shape\SphereShape.cpp">
      <Filter>Source Files</Filter>
    </ClCompile>
    <ClCompile Include="deps\vendor\Jolt\Physics\Collision\Shape\StaticCompoundShape.cpp">
      <Filter>Source Files</Filter>
    </ClCompile>
    <ClCompile Include="deps\vendor\Jolt\Physics\Collision\Shape\TaperedCapsuleShape.cpp">
      <Filter>Source Files</Filter>
    </ClCompile>
    <ClCompile Include="deps\vendor\Jolt\Physics\Collision\Shape\TaperedCylinderShape.cpp">
      <Filter>Source Files</Filter>
    </ClCompile>
    <ClCompile Include="deps\vendor\Jolt\Physics\Collision\Shape\TriangleShape.cpp">
      <Filter>Source Files</Filter>
    </ClCompile>
    <ClCompile Include="deps\vendor\Jolt\Physics\Collision\CastConvexVsTriangles.cpp">
      <Filter>Source Files</Filter>
    </ClCompile>
    <ClCompile Include="deps\vendor\Jolt\Physics\Collision\CastSphereVsTriangles.cpp">
      <Filter>Source Files</Filter>
    </ClCompile>
    <ClCompile Include="deps\vendor\Jolt\Physics\Collision\CollideConvexVsTriangles.cpp">
      <Filter>Source Files</Filter>
    </ClCompile>
    <ClCompile Include="deps\vendor\Jolt\Physics\Collision\CollideSphereVsTriangles.cpp">
      <Filter>Source Files</Filter>
    </ClCompile>
    <ClCompile Include="deps\vendor\Jolt\Physics\Collision\CollisionDispatch.cpp">
      <Filter>Source Files</Filter>
    </ClCompile>
    <ClCompile Include="deps\vendor\Jolt\Physics\Collision\CollisionGroup.cpp">
      <Filter>Source Files</Filter>
    </ClCompile>
    <ClCompile Include="deps\vendor\Jolt\Physics\Collision\EstimateCollisionResponse.cpp">
      <Filter>Source Files</Filter>
    </ClCompile>
    <ClCompile Include="deps\vendor\Jolt\Physics\Collision\GroupFilter.cpp">
      <Filter>Source Files</Filter>
    </ClCompile>
    <ClCompile Include="deps\vendor\Jolt\Physics\Collision\GroupFilterTable.cpp">
      <Filter>Source Files</Filter>
    </ClCompile>
    <ClCompile Include="deps\vendor\Jolt\Physics\Collision\ManifoldBetweenTwoFaces.cpp">
      <Filter>Source Files</Filter>
    </ClCompile>
    <ClCompile Include="deps\vendor\Jolt\Physics\Collision\NarrowPhaseQuery.cpp">
      <Filter>Source Files</Filter>
    </ClCompile>
    <ClCompile Include="deps\vendor\Jolt\Physics\Collision\NarrowPhaseStats.cpp">
      <Filter>Source Files</Filter>
    </ClCompile>
    <ClCompile Include="deps\vendor\Jolt\Physics\Collision\PhysicsMaterial.cpp">
      <Filter>Source Files</Filter>
    </ClCompile>
    <ClCompile Include="deps\vendor\Jolt\Physics\Collision\PhysicsMaterialSimple.cpp">
      <Filter>Source Files</Filter>
    </ClCompile>
    <ClCompile Include="deps\vendor\Jolt\Physics\Collision\TransformedShape.cpp">
      <Filter>Source Files</Filter>
    </ClCompile>
    <ClCompile Include="deps\vendor\Jolt\Physics\Constraints\ConeConstraint.cpp">
      <Filter>Source Files</Filter>
    </ClCompile>
    <ClCompile Include="deps\vendor\Jolt\Physics\Constraints\Constraint.cpp">
      <Filter>Source Files</Filter>
    </ClCompile>
    <ClCompile Include="deps\vendor\Jolt\Physics\Constraints\ConstraintManager.cpp">
      <Filter>Source Files</Filter>
    </ClCompile>
    <ClCompile Include="deps\vendor\Jolt\Physics\Constraints\ContactConstraintManager.cpp">
      <Filter>Source Files</Filter>
    </ClCompile>
    <ClCompile Include="deps\vendor\Jolt\Physics\Constraints\DistanceConstraint.cpp">
      <Filter>Source Files</Filter>
    </ClCompile>
    <ClCompile Include="deps\vendor\Jolt\Physics\Constraints\FixedConstraint.cpp">
      <Filter>Source Files</Filter>
    </ClCompile>
    <ClCompile Include="deps\vendor\Jolt\Physics\Constraints\GearConstraint.cpp">
      <Filter>Source Files</Filter>
    </ClCompile>
    <ClCompile Include="deps\vendor\Jolt\Physics\Constraints\HingeConstraint.cpp">
      <Filter>Source Files</Filter>
    </ClCompile>
    <ClCompile Include="deps\vendor\Jolt\Physics\Constraints\MotorSettings.cpp">
      <Filter>Source Files</Filter>
    </ClCompile>
    <ClCompile Include="deps\vendor\Jolt\Physics\Constraints\PathConstraint.cpp">
      <Filter>Source Files</Filter>
    </ClCompile>
    <ClCompile Include="deps\vendor\Jolt\Physics\Constraints\PathConstraintPath.cpp">
      <Filter>Source Files</Filter>
    </ClCompile>
    <ClCompile Include="deps\vendor\Jolt\Physics\Constraints\PathConstraintPathHermite.cpp">
      <Filter>Source Files</Filter>
    </ClCompile>
    <ClCompile Include="deps\vendor\Jolt\Physics\Constraints\PointConstraint.cpp">
      <Filter>Source Files</Filter>
    </ClCompile>
    <ClCompile Include="deps\vendor\Jolt\Physics\Constraints\PulleyConstraint.cpp">
      <Filter>Source Files</Filter>
    </ClCompile>
    <ClCompile Include="deps\vendor\Jolt\Physics\Constraints\RackAndPinionConstraint.cpp">
      <Filter>Source Files</Filter>
    </ClCompile>
    <ClCompile Include="deps\vendor\Jolt\Physics\Constraints\SixDOFConstraint.cpp">
      <Filter>Source Files</Filter>
    </ClCompile>
    <ClCompile Include="deps\vendor\Jolt\Physics\Constraints\SliderConstraint.cpp">
      <Filter>Source Files</Filter>
    </ClCompile>
    <ClCompile Include="deps\vendor\Jolt\Physics\Constraints\SpringSettings.cpp">
      <Filter>Source Files</Filter>
    </ClCompile>
    <ClCompile Include="deps\vendor\Jolt\Physics\Constraints\SwingTwistConstraint.cpp">
      <Filter>Source Files</Filter>
    </ClCompile>
    <ClCompile Include="deps\vendor\Jolt\Physics\Constraints\TwoBodyConstraint.cpp">
      <Filter>Source Files</Filter>
    </ClCompile>
    <ClCompile Include="deps\vendor\Jolt\Physics\Ragdoll\Ragdoll.cpp">
      <Filter>Source Files</Filter>
    </ClCompile>
    <ClCompile Include="deps\vendor\Jolt\Physics\SoftBody\SoftBodyCreationSettings.cpp">
      <Filter>Source Files</Filter>
    </ClCompile>
    <ClCompile Include="deps\vendor\Jolt\Physics\SoftBody\SoftBodyMotionProperties.cpp">
      <Filter>Source Files</Filter>
    </ClCompile>
    <ClCompile Include="deps\vendor\Jolt\Physics\SoftBody\SoftBodyShape.cpp">
      <Filter>Source Files</Filter>
    </ClCompile>
    <ClCompile Include="deps\vendor\Jolt\Physics\SoftBody\SoftBodySharedSettings.cpp">
      <Filter>Source Files</Filter>
    </ClCompile>
    <ClCompile Include="deps\vendor\Jolt\Physics\Vehicle\MotorcycleController.cpp">
      <Filter>Source Files</Filter>
    </ClCompile>
    <ClCompile Include="deps\vendor\Jolt\Physics\Vehicle\TrackedVehicleController.cpp">
      <Filter>Source Files</Filter>
    </ClCompile>
    <ClCompile Include="deps\vendor\Jolt\Physics\Vehicle\VehicleAntiRollBar.cpp">
      <Filter>Source Files</Filter>
    </ClCompile>
    <ClCompile Include="deps\vendor\Jolt\Physics\Vehicle\VehicleCollisionTester.cpp">
      <Filter>Source Files</Filter>
    </ClCompile>
    <ClCompile Include="deps\vendor\Jolt\Physics\Vehicle\VehicleConstraint.cpp">
      <Filter>Source Files</Filter>
    </ClCompile>
    <ClCompile Include="deps\vendor\Jolt\Physics\Vehicle\VehicleController.cpp">
      <Filter>Source Files</Filter>
    </ClCompile>
    <ClCompile Include="deps\vendor\Jolt\Physics\Vehicle\VehicleDifferential.cpp">
      <Filter>Source Files</Filter>
    </ClCompile>
    <ClCompile Include="deps\vendor\Jolt\Physics\Vehicle\VehicleEngine.cpp">
      <Filter>Source Files</Filter>
    </ClCompile>
    <ClCompile Include="deps\vendor\Jolt\Physics\Vehicle\VehicleTrack.cpp">
      <Filter>Source Files</Filter>
    </ClCompile>
    <ClCompile Include="deps\vendor\Jolt\Physics\Vehicle\VehicleTransmission.cpp">
      <Filter>Source Files</Filter>
    </ClCompile>
    <ClCompile Include="deps\vendor\Jolt\Physics\Vehicle\Wheel.cpp">
      <Filter>Source Files</Filter>
    </ClCompile>
    <ClCompile Include="deps\vendor\Jolt\Physics\Vehicle\WheeledVehicleController.cpp">
      <Filter>Source Files</Filter>
    </ClCompile>
    <ClCompile Include="deps\vendor\Jolt\Physics\DeterminismLog.cpp">
      <Filter>Source Files</Filter>
    </ClCompile>
    <ClCompile Include="deps\vendor\Jolt\Physics\IslandBuilder.cpp">
      <Filter>Source Files</Filter>
    </ClCompile>
    <ClCompile Include="deps\vendor\Jolt\Physics\LargeIslandSplitter.cpp">
      <Filter>Source Files</Filter>
    </ClCompile>
    <ClCompile Include="deps\vendor\Jolt\Physics\PhysicsScene.cpp">
      <Filter>Source Files</Filter>
    </ClCompile>
    <ClCompile Include="deps\vendor\Jolt\Physics\PhysicsSystem.cpp">
      <Filter>Source Files</Filter>
    </ClCompile>
    <ClCompile Include="deps\vendor\Jolt\Physics\PhysicsUpdateContext.cpp">
      <Filter>Source Files</Filter>
    </ClCompile>
    <ClCompile Include="deps\vendor\Jolt\Physics\StateRecorderImpl.cpp">
      <Filter>Source Files</Filter>
    </ClCompile>
    <ClCompile Include="deps\vendor\Jolt\Renderer\DebugRenderer.cpp">
      <Filter>Source Files</Filter>
    </ClCompile>
    <ClCompile Include="deps\vendor\Jolt\Renderer\DebugRendererPlayback.cpp">
      <Filter>Source Files</Filter>
    </ClCompile>
    <ClCompile Include="deps\vendor\Jolt\Renderer\DebugRendererRecorder.cpp">
      <Filter>Source Files</Filter>
    </ClCompile>
    <ClCompile Include="deps\vendor\Jolt\Renderer\DebugRendererSimple.cpp">
      <Filter>Source Files</Filter>
    </ClCompile>
    <ClCompile Include="deps\vendor\Jolt\Skeleton\SkeletalAnimation.cpp">
      <Filter>Source Files</Filter>
    </ClCompile>
    <ClCompile Include="deps\vendor\Jolt\Skeleton\Skeleton.cpp">
      <Filter>Source Files</Filter>
    </ClCompile>
    <ClCompile Include="deps\vendor\Jolt\Skeleton\SkeletonMapper.cpp">
      <Filter>Source Files</Filter>
    </ClCompile>
    <ClCompile Include="deps\vendor\Jolt\Skeleton\SkeletonPose.cpp">
      <Filter>Source Files</Filter>
    </ClCompile>
    <ClCompile Include="deps\vendor\Jolt\TriangleSplitter\TriangleSplitter.cpp">
      <Filter>Source Files</Filter>
    </ClCompile>
    <ClCompile Include="deps\vendor\Jolt\TriangleSplitter\TriangleSplitterBinning.cpp">
      <Filter>Source Files</Filter>
    </ClCompile>
    <ClCompile Include="deps\vendor\Jolt\TriangleSplitter\TriangleSplitterMean.cpp">
      <Filter>Source Files</Filter>
    </ClCompile>
    <ClCompile Include="deps\vendor\Jolt\RegisterTypes.cpp">
      <Filter>Source Files</Filter>
    </ClCompile>
  </ItemGroup>
  <ItemGroup>
    <None Include="deps\vendor\Jolt\Core\FixedSizeFreeList.inl">
      <Filter>Header Files</Filter>
    </None>
    <None Include="deps\vendor\Jolt\Core\JobSystem.inl">
      <Filter>Header Files</Filter>
    </None>
    <None Include="deps\vendor\Jolt\Core\LockFreeHashMap.inl">
      <Filter>Header Files</Filter>
    </None>
    <None Include="deps\vendor\Jolt\Core\Profiler.inl">
      <Filter>Header Files</Filter>
    </None>
    <None Include="deps\vendor\Jolt\Math\BVec16.inl">
      <Filter>Header Files</Filter>
    </None>
    <None Include="deps\vendor\Jolt\Math\DMat44.inl">
      <Filter>Header Files</Filter>
    </None>
    <None Include="deps\vendor\Jolt\Math\DVec3.inl">
      <Filter>Header Files</Filter>
    </None>
    <None Include="deps\vendor\Jolt\Math\Mat44.inl">
      <Filter>Header Files</Filter>
    </None>
    <None Include="deps\vendor\Jolt\Math\Quat.inl">
      <Filter>Header Files</Filter>
    </None>
    <None Include="deps\vendor\Jolt\Math\UVec4.inl">
      <Filter>Header Files</Filter>
    </None>
    <None Include="deps\vendor\Jolt\Math\Vec3.inl">
      <Filter>Header Files</Filter>
    </None>
    <None Include="deps\vendor\Jolt\Math\Vec4.inl">
      <Filter>Header Files</Filter>
    </None>
    <None Include="deps\vendor\Jolt\Physics\Body\Body.inl">
      <Filter>Header Files</Filter>
    </None>
    <None Include="deps\vendor\Jolt\Physics\Body\MotionProperties.inl">
      <Filter>Header Files</Filter>
    </None>
  </ItemGroup>
</Project>